
Microsoft Visual Studio Solution File, Format Version 12.00
# Visual Studio Version 17
VisualStudioVersion = 17.4.33213.308
MinimumVisualStudioVersion = 10.0.40219.1
Project("{FAE04EC0-301F-11D3-BF4B-00C04F79EFBC}") = "DniOtwarte.Android", "DniOtwarte\DniOtwarte.Android\DniOtwarte.Android.csproj", "{585AACD7-4C39-41FD-B961-8A5C1DD9146B}"
EndProject
Project("{FAE04EC0-301F-11D3-BF4B-00C04F79EFBC}") = "DniOtwarte", "DniOtwarte\DniOtwarte\DniOtwarte.csproj", "{84E39E63-191D-4553-85D7-44C0B4102AB5}"
EndProject
Global
	GlobalSection(SolutionConfigurationPlatforms) = preSolution
		Debug|Any CPU = Debug|Any CPU
		Release|Any CPU = Release|Any CPU
	EndGlobalSection
	GlobalSection(ProjectConfigurationPlatforms) = postSolution
		{585AACD7-4C39-41FD-B961-8A5C1DD9146B}.Debug|Any CPU.ActiveCfg = Debug|Any CPU
		{585AACD7-4C39-41FD-B961-8A5C1DD9146B}.Debug|Any CPU.Build.0 = Debug|Any CPU
		{585AACD7-4C39-41FD-B961-8A5C1DD9146B}.Debug|Any CPU.Deploy.0 = Debug|Any CPU
		{585AACD7-4C39-41FD-B961-8A5C1DD9146B}.Release|Any CPU.ActiveCfg = Release|Any CPU
		{585AACD7-4C39-41FD-B961-8A5C1DD9146B}.Release|Any CPU.Build.0 = Release|Any CPU
		{585AACD7-4C39-41FD-B961-8A5C1DD9146B}.Release|Any CPU.Deploy.0 = Release|Any CPU
		{84E39E63-191D-4553-85D7-44C0B4102AB5}.Debug|Any CPU.ActiveCfg = Debug|Any CPU
		{84E39E63-191D-4553-85D7-44C0B4102AB5}.Debug|Any CPU.Build.0 = Debug|Any CPU
		{84E39E63-191D-4553-85D7-44C0B4102AB5}.Debug|Any CPU.Deploy.0 = Debug|Any CPU
		{84E39E63-191D-4553-85D7-44C0B4102AB5}.Release|Any CPU.ActiveCfg = Release|Any CPU
		{84E39E63-191D-4553-85D7-44C0B4102AB5}.Release|Any CPU.Build.0 = Release|Any CPU
		{84E39E63-191D-4553-85D7-44C0B4102AB5}.Release|Any CPU.Deploy.0 = Release|Any CPU
	EndGlobalSection
	GlobalSection(SolutionProperties) = preSolution
		HideSolutionNode = FALSE
	EndGlobalSection
	GlobalSection(ExtensibilityGlobals) = postSolution
		SolutionGuid = {05798ED8-4B02-4FC3-89F0-12948F7FF506}
	EndGlobalSection
EndGlobal
